
Microsoft Visual Studio Solution File, Format Version 12.00
# Visual Studio Version 17
VisualStudioVersion = 17.5.33530.505
MinimumVisualStudioVersion = 10.0.40219.1
Project("{FAE04EC0-301F-11D3-BF4B-00C04F79EFBC}") = "DAL", "DAL\DAL.csproj", "{D80260F1-F608-4231-B983-F2EA36345947}"
EndProject
Project("{FAE04EC0-301F-11D3-BF4B-00C04F79EFBC}") = "Api", "Api\Api.csproj", "{29874159-3E21-43B8-B3FD-83B4EA3A47BC}"
EndProject
Project("{FAE04EC0-301F-11D3-BF4B-00C04F79EFBC}") = "Client", "Client\Client.csproj", "{083D3D22-870D-4943-86DE-62FB7FCA5281}"
EndProject
Global
	GlobalSection(SolutionConfigurationPlatforms) = preSolution
		Debug|Any CPU = Debug|Any CPU
		Release|Any CPU = Release|Any CPU
	EndGlobalSection
	GlobalSection(ProjectConfigurationPlatforms) = postSolution
		{D80260F1-F608-4231-B983-F2EA36345947}.Debug|Any CPU.ActiveCfg = Debug|Any CPU
		{D80260F1-F608-4231-B983-F2EA36345947}.Debug|Any CPU.Build.0 = Debug|Any CPU
		{D80260F1-F608-4231-B983-F2EA36345947}.Release|Any CPU.ActiveCfg = Release|Any CPU
		{D80260F1-F608-4231-B983-F2EA36345947}.Release|Any CPU.Build.0 = Release|Any CPU
		{29874159-3E21-43B8-B3FD-83B4EA3A47BC}.Debug|Any CPU.ActiveCfg = Debug|Any CPU
		{29874159-3E21-43B8-B3FD-83B4EA3A47BC}.Debug|Any CPU.Build.0 = Debug|Any CPU
		{29874159-3E21-43B8-B3FD-83B4EA3A47BC}.Release|Any CPU.ActiveCfg = Release|Any CPU
		{29874159-3E21-43B8-B3FD-83B4EA3A47BC}.Release|Any CPU.Build.0 = Release|Any CPU
		{083D3D22-870D-4943-86DE-62FB7FCA5281}.Debug|Any CPU.ActiveCfg = Debug|Any CPU
		{083D3D22-870D-4943-86DE-62FB7FCA5281}.Debug|Any CPU.Build.0 = Debug|Any CPU
		{083D3D22-870D-4943-86DE-62FB7FCA5281}.Release|Any CPU.ActiveCfg = Release|Any CPU
		{083D3D22-870D-4943-86DE-62FB7FCA5281}.Release|Any CPU.Build.0 = Release|Any CPU
		{44BE7311-9395-4894-B3A9-6E76B965F07A}.Debug|Any CPU.ActiveCfg = Debug|Any CPU
		{44BE7311-9395-4894-B3A9-6E76B965F07A}.Debug|Any CPU.Build.0 = Debug|Any CPU
		{44BE7311-9395-4894-B3A9-6E76B965F07A}.Release|Any CPU.ActiveCfg = Release|Any CPU
		{44BE7311-9395-4894-B3A9-6E76B965F07A}.Release|Any CPU.Build.0 = Release|Any CPU
	EndGlobalSection
	GlobalSection(SolutionProperties) = preSolution
		HideSolutionNode = FALSE
	EndGlobalSection
	GlobalSection(ExtensibilityGlobals) = postSolution
		SolutionGuid = {20C9EAFE-7081-4ECA-9CC2-35244E6FEB2D}
	EndGlobalSection
	GlobalSection(MonoDevelopProperties) = preSolution
		Policies = $0
		$0.DotNetNamingPolicy = $1
		$1.DirectoryNamespaceAssociation = PrefixedHierarchical
		$0.TextStylePolicy = $4
		$2.inheritsSet = null
		$2.scope = text/x-csharp
		$0.CSharpFormattingPolicy = $3
		$3.scope = text/x-csharp
		$4.FileWidth = 80
		$4.TabsToSpaces = True
		$4.scope = text/plain
		$0.StandardHeader = $5
	EndGlobalSection
EndGlobal
